
Microsoft Visual Studio Solution File, Format Version 12.00
# Visual Studio Version 17
VisualStudioVersion = 17.0.31903.59
MinimumVisualStudioVersion = 10.0.40219.1
Project("{FAE04EC0-301F-11D3-BF4B-00C04F79EFBC}") = "BlogNet.Aplicacion", "BlogNet.Aplicacion\BlogNet.Aplicacion.csproj", "{F73F2DB3-A883-4365-AC36-8B124BB9216D}"
EndProject
Project("{FAE04EC0-301F-11D3-BF4B-00C04F79EFBC}") = "BlogNet.Dominio", "BlogNet.Dominio\BlogNet.Dominio.csproj", "{586B9ACE-561F-4562-9231-68ED5767C79C}"
EndProject
Project("{FAE04EC0-301F-11D3-BF4B-00C04F79EFBC}") = "BlogNet.Persistencia", "BlogNet.Persistencia\BlogNet.Persistencia.csproj", "{27C7F47C-90D3-437C-B879-E58D37B4B74B}"
EndProject
Project("{FAE04EC0-301F-11D3-BF4B-00C04F79EFBC}") = "BlogNet.WebAPI", "BlogNet.WebAPI\BlogNet.WebAPI.csproj", "{5486A3B2-F94A-4C7E-A455-0D4180E5F6B0}"
EndProject
Global
	GlobalSection(SolutionConfigurationPlatforms) = preSolution
		Debug|Any CPU = Debug|Any CPU
		Release|Any CPU = Release|Any CPU
	EndGlobalSection
	GlobalSection(SolutionProperties) = preSolution
		HideSolutionNode = FALSE
	EndGlobalSection
	GlobalSection(ProjectConfigurationPlatforms) = postSolution
		{F73F2DB3-A883-4365-AC36-8B124BB9216D}.Debug|Any CPU.ActiveCfg = Debug|Any CPU
		{F73F2DB3-A883-4365-AC36-8B124BB9216D}.Debug|Any CPU.Build.0 = Debug|Any CPU
		{F73F2DB3-A883-4365-AC36-8B124BB9216D}.Release|Any CPU.ActiveCfg = Release|Any CPU
		{F73F2DB3-A883-4365-AC36-8B124BB9216D}.Release|Any CPU.Build.0 = Release|Any CPU
		{586B9ACE-561F-4562-9231-68ED5767C79C}.Debug|Any CPU.ActiveCfg = Debug|Any CPU
		{586B9ACE-561F-4562-9231-68ED5767C79C}.Debug|Any CPU.Build.0 = Debug|Any CPU
		{586B9ACE-561F-4562-9231-68ED5767C79C}.Release|Any CPU.ActiveCfg = Release|Any CPU
		{586B9ACE-561F-4562-9231-68ED5767C79C}.Release|Any CPU.Build.0 = Release|Any CPU
		{27C7F47C-90D3-437C-B879-E58D37B4B74B}.Debug|Any CPU.ActiveCfg = Debug|Any CPU
		{27C7F47C-90D3-437C-B879-E58D37B4B74B}.Debug|Any CPU.Build.0 = Debug|Any CPU
		{27C7F47C-90D3-437C-B879-E58D37B4B74B}.Release|Any CPU.ActiveCfg = Release|Any CPU
		{27C7F47C-90D3-437C-B879-E58D37B4B74B}.Release|Any CPU.Build.0 = Release|Any CPU
		{5486A3B2-F94A-4C7E-A455-0D4180E5F6B0}.Debug|Any CPU.ActiveCfg = Debug|Any CPU
		{5486A3B2-F94A-4C7E-A455-0D4180E5F6B0}.Debug|Any CPU.Build.0 = Debug|Any CPU
		{5486A3B2-F94A-4C7E-A455-0D4180E5F6B0}.Release|Any CPU.ActiveCfg = Release|Any CPU
		{5486A3B2-F94A-4C7E-A455-0D4180E5F6B0}.Release|Any CPU.Build.0 = Release|Any CPU
	EndGlobalSection
EndGlobal
